
Microsoft Visual Studio Solution File, Format Version 12.00
# Visual Studio 15
VisualStudioVersion = 15.0.28306.52
MinimumVisualStudioVersion = 10.0.40219.1
Project("{FAE04EC0-301F-11D3-BF4B-00C04F79EFBC}") = "Osiguranje", "Osiguranje\Osiguranje.csproj", "{92AF6DDF-DE52-4CCE-AB8E-DE3B14D6764B}"
EndProject
Global
	GlobalSection(SolutionConfigurationPlatforms) = preSolution
		Debug|Any CPU = Debug|Any CPU
		Release|Any CPU = Release|Any CPU
	EndGlobalSection
	GlobalSection(ProjectConfigurationPlatforms) = postSolution
		{92AF6DDF-DE52-4CCE-AB8E-DE3B14D6764B}.Debug|Any CPU.ActiveCfg = Debug|Any CPU
		{92AF6DDF-DE52-4CCE-AB8E-DE3B14D6764B}.Debug|Any CPU.Build.0 = Debug|Any CPU
		{92AF6DDF-DE52-4CCE-AB8E-DE3B14D6764B}.Release|Any CPU.ActiveCfg = Release|Any CPU
		{92AF6DDF-DE52-4CCE-AB8E-DE3B14D6764B}.Release|Any CPU.Build.0 = Release|Any CPU
	EndGlobalSection
	GlobalSection(SolutionProperties) = preSolution
		HideSolutionNode = FALSE
	EndGlobalSection
	GlobalSection(ExtensibilityGlobals) = postSolution
		SolutionGuid = {BD0C3BC5-925B-4657-84BC-0BB0D1FEBB14}
	EndGlobalSection
EndGlobal
